
Microsoft Visual Studio Solution File, Format Version 12.00
# Visual Studio Version 16
VisualStudioVersion = 16.0.31702.278
MinimumVisualStudioVersion = 10.0.40219.1
Project("{FAE04EC0-301F-11D3-BF4B-00C04F79EFBC}") = "SimpleBlog", "SimpleBlog\SimpleBlog.csproj", "{7D60B575-5204-4A34-927B-FE436AC6E9DB}"
EndProject
Global
	GlobalSection(SolutionConfigurationPlatforms) = preSolution
		Debug|Any CPU = Debug|Any CPU
		Release|Any CPU = Release|Any CPU
	EndGlobalSection
	GlobalSection(ProjectConfigurationPlatforms) = postSolution
		{7D60B575-5204-4A34-927B-FE436AC6E9DB}.Debug|Any CPU.ActiveCfg = Debug|Any CPU
		{7D60B575-5204-4A34-927B-FE436AC6E9DB}.Debug|Any CPU.Build.0 = Debug|Any CPU
		{7D60B575-5204-4A34-927B-FE436AC6E9DB}.Release|Any CPU.ActiveCfg = Release|Any CPU
		{7D60B575-5204-4A34-927B-FE436AC6E9DB}.Release|Any CPU.Build.0 = Release|Any CPU
	EndGlobalSection
	GlobalSection(SolutionProperties) = preSolution
		HideSolutionNode = FALSE
	EndGlobalSection
	GlobalSection(ExtensibilityGlobals) = postSolution
		SolutionGuid = {051A2CB3-990C-4CB6-99A5-149582EC84D5}
	EndGlobalSection
EndGlobal
